// !$*UTF8*$!
{
	archiveVersion = 1;
	classes = {
	};
	objectVersion = 77;
	objects = {

/* Begin PBXContainerItemProxy section */
		8EB1F86C2DC914B4009DF5D8 /* PBXContainerItemProxy */ = {
			isa = PBXContainerItemProxy;
			containerPortal = 8EB1F84A2DC914B3009DF5D8 /* Project object */;
			proxyType = 1;
			remoteGlobalIDString = 8EB1F8512DC914B3009DF5D8;
			remoteInfo = SmartBudget;
		};
		8EB1F8762DC914B4009DF5D8 /* PBXContainerItemProxy */ = {
			isa = PBXContainerItemProxy;
			containerPortal = 8EB1F84A2DC914B3009DF5D8 /* Project object */;
			proxyType = 1;
			remoteGlobalIDString = 8EB1F8512DC914B3009DF5D8;
			remoteInfo = SmartBudget;
		};
/* End PBXContainerItemProxy section */

/* Begin PBXFileReference section */
		8EB1F8522DC914B3009DF5D8 /* SmartBudget.app */ = {isa = PBXFileReference; explicitFileType = wrapper.application; includeInIndex = 0; path = SmartBudget.app; sourceTree = BUILT_PRODUCTS_DIR; };
		8EB1F86B2DC914B4009DF5D8 /* SmartBudgetTests.xctest */ = {isa = PBXFileReference; explicitFileType = wrapper.cfbundle; includeInIndex = 0; path = SmartBudgetTests.xctest; sourceTree = BUILT_PRODUCTS_DIR; };
		8EB1F8752DC914B4009DF5D8 /* SmartBudgetUITests.xctest */ = {isa = PBXFileReference; explicitFileType = wrapper.cfbundle; includeInIndex = 0; path = SmartBudgetUITests.xctest; sourceTree = BUILT_PRODUCTS_DIR; };
/* End PBXFileReference section */

/* Begin PBXFileSystemSynchronizedBuildFileExceptionSet section */
		8EB1F87D2DC914B4009DF5D8 /* Exceptions for "SmartBudget" folder in "SmartBudget" target */ = {
			isa = PBXFileSystemSynchronizedBuildFileExceptionSet;
			membershipExceptions = (
				Info.plist,
			);
			target = 8EB1F8512DC914B3009DF5D8 /* SmartBudget */;
		};
/* End PBXFileSystemSynchronizedBuildFileExceptionSet section */

/* Begin PBXFileSystemSynchronizedRootGroup section */
		8EB1F8542DC914B3009DF5D8 /* SmartBudget */ = {
			isa = PBXFileSystemSynchronizedRootGroup;
			exceptions = (
				8EB1F87D2DC914B4009DF5D8 /* Exceptions for "SmartBudget" folder in "SmartBudget" target */,
			);
			path = SmartBudget;
			sourceTree = "<group>";
		};
		8EB1F86E2DC914B4009DF5D8 /* SmartBudgetTests */ = {
			isa = PBXFileSystemSynchronizedRootGroup;
			path = SmartBudgetTests;
			sourceTree = "<group>";
		};
		8EB1F8782DC914B4009DF5D8 /* SmartBudgetUITests */ = {
			isa = PBXFileSystemSynchronizedRootGroup;
			path = SmartBudgetUITests;
			sourceTree = "<group>";
		};
/* End PBXFileSystemSynchronizedRootGroup section */

/* Begin PBXFrameworksBuildPhase section */
		8EB1F84F2DC914B3009DF5D8 /* Frameworks */ = {
			isa = PBXFrameworksBuildPhase;
			buildActionMask = 2147483647;
			files = (
			);
			runOnlyForDeploymentPostprocessing = 0;
		};
		8EB1F8682DC914B4009DF5D8 /* Frameworks */ = {
			isa = PBXFrameworksBuildPhase;
			buildActionMask = 2147483647;
			files = (
			);
			runOnlyForDeploymentPostprocessing = 0;
		};
		8EB1F8722DC914B4009DF5D8 /* Frameworks */ = {
			isa = PBXFrameworksBuildPhase;
			buildActionMask = 2147483647;
			files = (
			);
			runOnlyForDeploymentPostprocessing = 0;
		};
/* End PBXFrameworksBuildPhase section */

/* Begin PBXGroup section */
		8EB1F8492DC914B3009DF5D8 = {
			isa = PBXGroup;
			children = (
				8EB1F8542DC914B3009DF5D8 /* SmartBudget */,
				8EB1F86E2DC914B4009DF5D8 /* SmartBudgetTests */,
				8EB1F8782DC914B4009DF5D8 /* SmartBudgetUITests */,
				8EB1F8532DC914B3009DF5D8 /* Products */,
			);
			sourceTree = "<group>";
		};
		8EB1F8532DC914B3009DF5D8 /* Products */ = {
			isa = PBXGroup;
			children = (
				8EB1F8522DC914B3009DF5D8 /* SmartBudget.app */,
				8EB1F86B2DC914B4009DF5D8 /* SmartBudgetTests.xctest */,
				8EB1F8752DC914B4009DF5D8 /* SmartBudgetUITests.xctest */,
			);
			name = Products;
			sourceTree = "<group>";
		};
/* End PBXGroup section */

/* Begin PBXNativeTarget section */
		8EB1F8512DC914B3009DF5D8 /* SmartBudget */ = {
			isa = PBXNativeTarget;
			buildConfigurationList = 8EB1F87E2DC914B4009DF5D8 /* Build configuration list for PBXNativeTarget "SmartBudget" */;
			buildPhases = (
				8EB1F84E2DC914B3009DF5D8 /* Sources */,
				8EB1F84F2DC914B3009DF5D8 /* Frameworks */,
				8EB1F8502DC914B3009DF5D8 /* Resources */,
			);
			buildRules = (
			);
			dependencies = (
			);
			fileSystemSynchronizedGroups = (
				8EB1F8542DC914B3009DF5D8 /* SmartBudget */,
			);
			name = SmartBudget;
			packageProductDependencies = (
			);
			productName = SmartBudget;
			productReference = 8EB1F8522DC914B3009DF5D8 /* SmartBudget.app */;
			productType = "com.apple.product-type.application";
		};
		8EB1F86A2DC914B4009DF5D8 /* SmartBudgetTests */ = {
			isa = PBXNativeTarget;
			buildConfigurationList = 8EB1F8832DC914B4009DF5D8 /* Build configuration list for PBXNativeTarget "SmartBudgetTests" */;
			buildPhases = (
				8EB1F8672DC914B4009DF5D8 /* Sources */,
				8EB1F8682DC914B4009DF5D8 /* Frameworks */,
				8EB1F8692DC914B4009DF5D8 /* Resources */,
			);
			buildRules = (
			);
			dependencies = (
				8EB1F86D2DC914B4009DF5D8 /* PBXTargetDependency */,
			);
			fileSystemSynchronizedGroups = (
				8EB1F86E2DC914B4009DF5D8 /* SmartBudgetTests */,
			);
			name = SmartBudgetTests;
			packageProductDependencies = (
			);
			productName = SmartBudgetTests;
			productReference = 8EB1F86B2DC914B4009DF5D8 /* SmartBudgetTests.xctest */;
			productType = "com.apple.product-type.bundle.unit-test";
		};
		8EB1F8742DC914B4009DF5D8 /* SmartBudgetUITests */ = {
			isa = PBXNativeTarget;
			buildConfigurationList = 8EB1F8862DC914B4009DF5D8 /* Build configuration list for PBXNativeTarget "SmartBudgetUITests" */;
			buildPhases = (
				8EB1F8712DC914B4009DF5D8 /* Sources */,
				8EB1F8722DC914B4009DF5D8 /* Frameworks */,
				8EB1F8732DC914B4009DF5D8 /* Resources */,
			);
			buildRules = (
			);
			dependencies = (
				8EB1F8772DC914B4009DF5D8 /* PBXTargetDependency */,
			);
			fileSystemSynchronizedGroups = (
				8EB1F8782DC914B4009DF5D8 /* SmartBudgetUITests */,
			);
			name = SmartBudgetUITests;
			packageProductDependencies = (
			);
			productName = SmartBudgetUITests;
			productReference = 8EB1F8752DC914B4009DF5D8 /* SmartBudgetUITests.xctest */;
			productType = "com.apple.product-type.bundle.ui-testing";
		};
/* End PBXNativeTarget section */

/* Begin PBXProject section */
		8EB1F84A2DC914B3009DF5D8 /* Project object */ = {
			isa = PBXProject;
			attributes = {
				BuildIndependentTargetsInParallel = 1;
				LastSwiftUpdateCheck = 1610;
				LastUpgradeCheck = 1610;
				TargetAttributes = {
					8EB1F8512DC914B3009DF5D8 = {
						CreatedOnToolsVersion = 16.1;
					};
					8EB1F86A2DC914B4009DF5D8 = {
						CreatedOnToolsVersion = 16.1;
						TestTargetID = 8EB1F8512DC914B3009DF5D8;
					};
					8EB1F8742DC914B4009DF5D8 = {
						CreatedOnToolsVersion = 16.1;
						TestTargetID = 8EB1F8512DC914B3009DF5D8;
					};
				};
			};
			buildConfigurationList = 8EB1F84D2DC914B3009DF5D8 /* Build configuration list for PBXProject "SmartBudget" */;
			developmentRegion = en;
			hasScannedForEncodings = 0;
			knownRegions = (
				en,
				Base,
			);
			mainGroup = 8EB1F8492DC914B3009DF5D8;
			minimizedProjectReferenceProxies = 1;
			preferredProjectObjectVersion = 77;
			productRefGroup = 8EB1F8532DC914B3009DF5D8 /* Products */;
			projectDirPath = "";
			projectRoot = "";
			targets = (
				8EB1F8512DC914B3009DF5D8 /* SmartBudget */,
				8EB1F86A2DC914B4009DF5D8 /* SmartBudgetTests */,
				8EB1F8742DC914B4009DF5D8 /* SmartBudgetUITests */,
			);
		};
/* End PBXProject section */

/* Begin PBXResourcesBuildPhase section */
		8EB1F8502DC914B3009DF5D8 /* Resources */ = {
			isa = PBXResourcesBuildPhase;
			buildActionMask = 2147483647;
			files = (
			);
			runOnlyForDeploymentPostprocessing = 0;
		};
		8EB1F8692DC914B4009DF5D8 /* Resources */ = {
			isa = PBXResourcesBuildPhase;
			buildActionMask = 2147483647;
			files = (
			);
			runOnlyForDeploymentPostprocessing = 0;
		};
		8EB1F8732DC914B4009DF5D8 /* Resources */ = {
			isa = PBXResourcesBuildPhase;
			buildActionMask = 2147483647;
			files = (
			);
			runOnlyForDeploymentPostprocessing = 0;
		};
/* End PBXResourcesBuildPhase section */

/* Begin PBXSourcesBuildPhase section */
		8EB1F84E2DC914B3009DF5D8 /* Sources */ = {
			isa = PBXSourcesBuildPhase;
			buildActionMask = 2147483647;
			files = (
			);
			runOnlyForDeploymentPostprocessing = 0;
		};
		8EB1F8672DC914B4009DF5D8 /* Sources */ = {
			isa = PBXSourcesBuildPhase;
			buildActionMask = 2147483647;
			files = (
			);
			runOnlyForDeploymentPostprocessing = 0;
		};
		8EB1F8712DC914B4009DF5D8 /* Sources */ = {
			isa = PBXSourcesBuildPhase;
			buildActionMask = 2147483647;
			files = (
			);
			runOnlyForDeploymentPostprocessing = 0;
		};
/* End PBXSourcesBuildPhase section */

/* Begin PBXTargetDependency section */
		8EB1F86D2DC914B4009DF5D8 /* PBXTargetDependency */ = {
			isa = PBXTargetDependency;
			target = 8EB1F8512DC914B3009DF5D8 /* SmartBudget */;
			targetProxy = 8EB1F86C2DC914B4009DF5D8 /* PBXContainerItemProxy */;
		};
		8EB1F8772DC914B4009DF5D8 /* PBXTargetDependency */ = {
			isa = PBXTargetDependency;
			target = 8EB1F8512DC914B3009DF5D8 /* SmartBudget */;
			targetProxy = 8EB1F8762DC914B4009DF5D8 /* PBXContainerItemProxy */;
		};
/* End PBXTargetDependency section */

/* Begin XCBuildConfiguration section */
		8EB1F87F2DC914B4009DF5D8 /* Debug */ = {
			isa = XCBuildConfiguration;
			buildSettings = {
				ASSETCATALOG_COMPILER_APPICON_NAME = AppIcon;
				ASSETCATALOG_COMPILER_GLOBAL_ACCENT_COLOR_NAME = AccentColor;
				CODE_SIGN_STYLE = Automatic;
				CURRENT_PROJECT_VERSION = 1;
				GENERATE_INFOPLIST_FILE = YES;
				INFOPLIST_FILE = SmartBudget/Info.plist;
				INFOPLIST_KEY_UIApplicationSupportsIndirectInputEvents = YES;
				INFOPLIST_KEY_UILaunchStoryboardName = LaunchScreen;
				INFOPLIST_KEY_UIMainStoryboardFile = Main;
				INFOPLIST_KEY_UISupportedInterfaceOrientations_iPad = "UIInterfaceOrientationPortrait UIInterfaceOrientationPortraitUpsideDown UIInterfaceOrientationLandscapeLeft UIInterfaceOrientationLandscapeRight";
				INFOPLIST_KEY_UISupportedInterfaceOrientations_iPhone = "UIInterfaceOrientationPortrait UIInterfaceOrientationLandscapeLeft UIInterfaceOrientationLandscapeRight";
				LD_RUNPATH_SEARCH_PATHS = (
					"$(inherited)",
					"@executable_path/Frameworks",
				);
				MARKETING_VERSION = 1.0;
				PRODUCT_BUNDLE_IDENTIFIER = itis.com.SmartBudget;
				PRODUCT_NAME = "$(TARGET_NAME)";
				SWIFT_EMIT_LOC_STRINGS = YES;
				SWIFT_VERSION = 5.0;
				TARGETED_DEVICE_FAMILY = "1,2";
			};
			name = Debug;
		};
		8EB1F8802DC914B4009DF5D8 /* Release */ = {
			isa = XCBuildConfiguration;
			buildSettings = {
				ASSETCATALOG_COMPILER_APPICON_NAME = AppIcon;
				ASSETCATALOG_COMPILER_GLOBAL_ACCENT_COLOR_NAME = AccentColor;
				CODE_SIGN_STYLE = Automatic;
				CURRENT_PROJECT_VERSION = 1;
				GENERATE_INFOPLIST_FILE = YES;
				INFOPLIST_FILE = SmartBudget/Info.plist;
				INFOPLIST_KEY_UIApplicationSupportsIndirectInputEvents = YES;
				INFOPLIST_KEY_UILaunchStoryboardName = LaunchScreen;
				INFOPLIST_KEY_UIMainStoryboardFile = Main;
				INFOPLIST_KEY_UISupportedInterfaceOrientations_iPad = "UIInterfaceOrientationPortrait UIInterfaceOrientationPortraitUpsideDown UIInterfaceOrientationLandscapeLeft UIInterfaceOrientationLandscapeRight";
				INFOPLIST_KEY_UISupportedInterfaceOrientations_iPhone = "UIInterfaceOrientationPortrait UIInterfaceOrientationLandscapeLeft UIInterfaceOrientationLandscapeRight";
				LD_RUNPATH_SEARCH_PATHS = (
					"$(inherited)",
					"@executable_path/Frameworks",
				);
				MARKETING_VERSION = 1.0;
				PRODUCT_BUNDLE_IDENTIFIER = itis.com.SmartBudget;
				PRODUCT_NAME = "$(TARGET_NAME)";
				SWIFT_EMIT_LOC_STRINGS = YES;
				SWIFT_VERSION = 5.0;
				TARGETED_DEVICE_FAMILY = "1,2";
			};
			name = Release;
		};
		8EB1F8812DC914B4009DF5D8 /* Debug */ = {
			isa = XCBuildConfiguration;
			buildSettings = {
				ALWAYS_SEARCH_USER_PATHS = NO;
				ASSETCATALOG_COMPILER_GENERATE_SWIFT_ASSET_SYMBOL_EXTENSIONS = YES;
				CLANG_ANALYZER_NONNULL = YES;
				CLANG_ANALYZER_NUMBER_OBJECT_CONVERSION = YES_AGGRESSIVE;
				CLANG_CXX_LANGUAGE_STANDARD = "gnu++20";
				CLANG_ENABLE_MODULES = YES;
				CLANG_ENABLE_OBJC_ARC = YES;
				CLANG_ENABLE_OBJC_WEAK = YES;
				CLANG_WARN_BLOCK_CAPTURE_AUTORELEASING = YES;
				CLANG_WARN_BOOL_CONVERSION = YES;
				CLANG_WARN_COMMA = YES;
				CLANG_WARN_CONSTANT_CONVERSION = YES;
				CLANG_WARN_DEPRECATED_OBJC_IMPLEMENTATIONS = YES;
				CLANG_WARN_DIRECT_OBJC_ISA_USAGE = YES_ERROR;
				CLANG_WARN_DOCUMENTATION_COMMENTS = YES;
				CLANG_WARN_EMPTY_BODY = YES;
				CLANG_WARN_ENUM_CONVERSION = YES;
				CLANG_WARN_INFINITE_RECURSION = YES;
				CLANG_WARN_INT_CONVERSION = YES;
				CLANG_WARN_NON_LITERAL_NULL_CONVERSION = YES;
				CLANG_WARN_OBJC_IMPLICIT_RETAIN_SELF = YES;
				CLANG_WARN_OBJC_LITERAL_CONVERSION = YES;
				CLANG_WARN_OBJC_ROOT_CLASS = YES_ERROR;
				CLANG_WARN_QUOTED_INCLUDE_IN_FRAMEWORK_HEADER = YES;
				CLANG_WARN_RANGE_LOOP_ANALYSIS = YES;
				CLANG_WARN_STRICT_PROTOTYPES = YES;
				CLANG_WARN_SUSPICIOUS_MOVE = YES;
				CLANG_WARN_UNGUARDED_AVAILABILITY = YES_AGGRESSIVE;
				CLANG_WARN_UNREACHABLE_CODE = YES;
				CLANG_WARN__DUPLICATE_METHOD_MATCH = YES;
				COPY_PHASE_STRIP = NO;
				DEBUG_INFORMATION_FORMAT = dwarf;
				ENABLE_STRICT_OBJC_MSGSEND = YES;
				ENABLE_TESTABILITY = YES;
				ENABLE_USER_SCRIPT_SANDBOXING = YES;
				GCC_C_LANGUAGE_STANDARD = gnu17;
				GCC_DYNAMIC_NO_PIC = NO;
				GCC_NO_COMMON_BLOCKS = YES;
				GCC_OPTIMIZATION_LEVEL = 0;
				GCC_PREPROCESSOR_DEFINITIONS = (
					"DEBUG=1",
					"$(inherited)",
				);
				GCC_WARN_64_TO_32_BIT_CONVERSION = YES;
				GCC_WARN_ABOUT_RETURN_TYPE = YES_ERROR;
				GCC_WARN_UNDECLARED_SELECTOR = YES;
				GCC_WARN_UNINITIALIZED_AUTOS = YES_AGGRESSIVE;
				GCC_WARN_UNUSED_FUNCTION = YES;
				GCC_WARN_UNUSED_VARIABLE = YES;
				IPHONEOS_DEPLOYMENT_TARGET = 18.1;
				LOCALIZATION_PREFERS_STRING_CATALOGS = YES;
				MTL_ENABLE_DEBUG_INFO = INCLUDE_SOURCE;
				MTL_FAST_MATH = YES;
				ONLY_ACTIVE_ARCH = YES;
				SDKROOT = iphoneos;
				SWIFT_ACTIVE_COMPILATION_CONDITIONS = "DEBUG $(inherited)";
				SWIFT_OPTIMIZATION_LEVEL = "-Onone";
			};
			name = Debug;
		};
		8EB1F8822DC914B4009DF5D8 /* Release */ = {
			isa = XCBuildConfiguration;
			buildSettings = {
				ALWAYS_SEARCH_USER_PATHS = NO;
				ASSETCATALOG_COMPILER_GENERATE_SWIFT_ASSET_SYMBOL_EXTENSIONS = YES;
				CLANG_ANALYZER_NONNULL = YES;
				CLANG_ANALYZER_NUMBER_OBJECT_CONVERSION = YES_AGGRESSIVE;
				CLANG_CXX_LANGUAGE_STANDARD = "gnu++20";
				CLANG_ENABLE_MODULES = YES;
				CLANG_ENABLE_OBJC_ARC = YES;
				CLANG_ENABLE_OBJC_WEAK = YES;
				CLANG_WARN_BLOCK_CAPTURE_AUTORELEASING = YES;
				CLANG_WARN_BOOL_CONVERSION = YES;
				CLANG_WARN_COMMA = YES;
				CLANG_WARN_CONSTANT_CONVERSION = YES;
				CLANG_WARN_DEPRECATED_OBJC_IMPLEMENTATIONS = YES;
				CLANG_WARN_DIRECT_OBJC_ISA_USAGE = YES_ERROR;
				CLANG_WARN_DOCUMENTATION_COMMENTS = YES;
				CLANG_WARN_EMPTY_BODY = YES;
				CLANG_WARN_ENUM_CONVERSION = YES;
				CLANG_WARN_INFINITE_RECURSION = YES;
				CLANG_WARN_INT_CONVERSION = YES;
				CLANG_WARN_NON_LITERAL_NULL_CONVERSION = YES;
				CLANG_WARN_OBJC_IMPLICIT_RETAIN_SELF = YES;
				CLANG_WARN_OBJC_LITERAL_CONVERSION = YES;
				CLANG_WARN_OBJC_ROOT_CLASS = YES_ERROR;
				CLANG_WARN_QUOTED_INCLUDE_IN_FRAMEWORK_HEADER = YES;
				CLANG_WARN_RANGE_LOOP_ANALYSIS = YES;
				CLANG_WARN_STRICT_PROTOTYPES = YES;
				CLANG_WARN_SUSPICIOUS_MOVE = YES;
				CLANG_WARN_UNGUARDED_AVAILABILITY = YES_AGGRESSIVE;
				CLANG_WARN_UNREACHABLE_CODE = YES;
				CLANG_WARN__DUPLICATE_METHOD_MATCH = YES;
				COPY_PHASE_STRIP = NO;
				DEBUG_INFORMATION_FORMAT = "dwarf-with-dsym";
				ENABLE_NS_ASSERTIONS = NO;
				ENABLE_STRICT_OBJC_MSGSEND = YES;
				ENABLE_USER_SCRIPT_SANDBOXING = YES;
				GCC_C_LANGUAGE_STANDARD = gnu17;
				GCC_NO_COMMON_BLOCKS = YES;
				GCC_WARN_64_TO_32_BIT_CONVERSION = YES;
				GCC_WARN_ABOUT_RETURN_TYPE = YES_ERROR;
				GCC_WARN_UNDECLARED_SELECTOR = YES;
				GCC_WARN_UNINITIALIZED_AUTOS = YES_AGGRESSIVE;
				GCC_WARN_UNUSED_FUNCTION = YES;
				GCC_WARN_UNUSED_VARIABLE = YES;
				IPHONEOS_DEPLOYMENT_TARGET = 18.1;
				LOCALIZATION_PREFERS_STRING_CATALOGS = YES;
				MTL_ENABLE_DEBUG_INFO = NO;
				MTL_FAST_MATH = YES;
				SDKROOT = iphoneos;
				SWIFT_COMPILATION_MODE = wholemodule;
				VALIDATE_PRODUCT = YES;
			};
			name = Release;
		};
		8EB1F8842DC914B4009DF5D8 /* Debug */ = {
			isa = XCBuildConfiguration;
			buildSettings = {
				BUNDLE_LOADER = "$(TEST_HOST)";
				CODE_SIGN_STYLE = Automatic;
				CURRENT_PROJECT_VERSION = 1;
				GENERATE_INFOPLIST_FILE = YES;
				IPHONEOS_DEPLOYMENT_TARGET = 18.1;
				MARKETING_VERSION = 1.0;
				PRODUCT_BUNDLE_IDENTIFIER = itis.com.SmartBudgetTests;
				PRODUCT_NAME = "$(TARGET_NAME)";
				SWIFT_EMIT_LOC_STRINGS = NO;
				SWIFT_VERSION = 5.0;
				TARGETED_DEVICE_FAMILY = "1,2";
				TEST_HOST = "$(BUILT_PRODUCTS_DIR)/SmartBudget.app/$(BUNDLE_EXECUTABLE_FOLDER_PATH)/SmartBudget";
			};
			name = Debug;
		};
		8EB1F8852DC914B4009DF5D8 /* Release */ = {
			isa = XCBuildConfiguration;
			buildSettings = {
				BUNDLE_LOADER = "$(TEST_HOST)";
				CODE_SIGN_STYLE = Automatic;
				CURRENT_PROJECT_VERSION = 1;
				GENERATE_INFOPLIST_FILE = YES;
				IPHONEOS_DEPLOYMENT_TARGET = 18.1;
				MARKETING_VERSION = 1.0;
				PRODUCT_BUNDLE_IDENTIFIER = itis.com.SmartBudgetTests;
				PRODUCT_NAME = "$(TARGET_NAME)";
				SWIFT_EMIT_LOC_STRINGS = NO;
				SWIFT_VERSION = 5.0;
				TARGETED_DEVICE_FAMILY = "1,2";
				TEST_HOST = "$(BUILT_PRODUCTS_DIR)/SmartBudget.app/$(BUNDLE_EXECUTABLE_FOLDER_PATH)/SmartBudget";
			};
			name = Release;
		};
		8EB1F8872DC914B4009DF5D8 /* Debug */ = {
			isa = XCBuildConfiguration;
			buildSettings = {
				CODE_SIGN_STYLE = Automatic;
				CURRENT_PROJECT_VERSION = 1;
				GENERATE_INFOPLIST_FILE = YES;
				MARKETING_VERSION = 1.0;
				PRODUCT_BUNDLE_IDENTIFIER = itis.com.SmartBudgetUITests;
				PRODUCT_NAME = "$(TARGET_NAME)";
				SWIFT_EMIT_LOC_STRINGS = NO;
				SWIFT_VERSION = 5.0;
				TARGETED_DEVICE_FAMILY = "1,2";
				TEST_TARGET_NAME = SmartBudget;
			};
			name = Debug;
		};
		8EB1F8882DC914B4009DF5D8 /* Release */ = {
			isa = XCBuildConfiguration;
			buildSettings = {
				CODE_SIGN_STYLE = Automatic;
				CURRENT_PROJECT_VERSION = 1;
				GENERATE_INFOPLIST_FILE = YES;
				MARKETING_VERSION = 1.0;
				PRODUCT_BUNDLE_IDENTIFIER = itis.com.SmartBudgetUITests;
				PRODUCT_NAME = "$(TARGET_NAME)";
				SWIFT_EMIT_LOC_STRINGS = NO;
				SWIFT_VERSION = 5.0;
				TARGETED_DEVICE_FAMILY = "1,2";
				TEST_TARGET_NAME = SmartBudget;
			};
			name = Release;
		};
/* End XCBuildConfiguration section */

/* Begin XCConfigurationList section */
		8EB1F84D2DC914B3009DF5D8 /* Build configuration list for PBXProject "SmartBudget" */ = {
			isa = XCConfigurationList;
			buildConfigurations = (
				8EB1F8812DC914B4009DF5D8 /* Debug */,
				8EB1F8822DC914B4009DF5D8 /* Release */,
			);
			defaultConfigurationIsVisible = 0;
			defaultConfigurationName = Release;
		};
		8EB1F87E2DC914B4009DF5D8 /* Build configuration list for PBXNativeTarget "SmartBudget" */ = {
			isa = XCConfigurationList;
			buildConfigurations = (
				8EB1F87F2DC914B4009DF5D8 /* Debug */,
				8EB1F8802DC914B4009DF5D8 /* Release */,
			);
			defaultConfigurationIsVisible = 0;
			defaultConfigurationName = Release;
		};
		8EB1F8832DC914B4009DF5D8 /* Build configuration list for PBXNativeTarget "SmartBudgetTests" */ = {
			isa = XCConfigurationList;
			buildConfigurations = (
				8EB1F8842DC914B4009DF5D8 /* Debug */,
				8EB1F8852DC914B4009DF5D8 /* Release */,
			);
			defaultConfigurationIsVisible = 0;
			defaultConfigurationName = Release;
		};
		8EB1F8862DC914B4009DF5D8 /* Build configuration list for PBXNativeTarget "SmartBudgetUITests" */ = {
			isa = XCConfigurationList;
			buildConfigurations = (
				8EB1F8872DC914B4009DF5D8 /* Debug */,
				8EB1F8882DC914B4009DF5D8 /* Release */,
			);
			defaultConfigurationIsVisible = 0;
			defaultConfigurationName = Release;
		};
/* End XCConfigurationList section */
	};
	rootObject = 8EB1F84A2DC914B3009DF5D8 /* Project object */;
}
